
Microsoft Visual Studio Solution File, Format Version 12.00
# Visual Studio Version 16
VisualStudioVersion = 16.0.29230.47
MinimumVisualStudioVersion = 10.0.40219.1
Project("{FAE04EC0-301F-11D3-BF4B-00C04F79EFBC}") = "CS TEST 맘껏 써도됌", "CS TEST 맘껏 써도됌\CS TEST 맘껏 써도됌.csproj", "{DA8C1059-F5A7-434B-A02D-34F6988DFB59}"
EndProject
Global
	GlobalSection(SolutionConfigurationPlatforms) = preSolution
		Debug|Any CPU = Debug|Any CPU
		Release|Any CPU = Release|Any CPU
	EndGlobalSection
	GlobalSection(ProjectConfigurationPlatforms) = postSolution
		{DA8C1059-F5A7-434B-A02D-34F6988DFB59}.Debug|Any CPU.ActiveCfg = Debug|Any CPU
		{DA8C1059-F5A7-434B-A02D-34F6988DFB59}.Debug|Any CPU.Build.0 = Debug|Any CPU
		{DA8C1059-F5A7-434B-A02D-34F6988DFB59}.Release|Any CPU.ActiveCfg = Release|Any CPU
		{DA8C1059-F5A7-434B-A02D-34F6988DFB59}.Release|Any CPU.Build.0 = Release|Any CPU
	EndGlobalSection
	GlobalSection(SolutionProperties) = preSolution
		HideSolutionNode = FALSE
	EndGlobalSection
	GlobalSection(ExtensibilityGlobals) = postSolution
		SolutionGuid = {89BB0628-3CF5-47A1-BF06-7BD0F100A834}
	EndGlobalSection
EndGlobal
