
Microsoft Visual Studio Solution File, Format Version 12.00
# Visual Studio 15
VisualStudioVersion = 15.0.26430.14
MinimumVisualStudioVersion = 10.0.40219.1
Project("{FAE04EC0-301F-11D3-BF4B-00C04F79EFBC}") = "CS 11월 05일 실습", "CS 11월 05일 실습\CS 11월 05일 실습.csproj", "{A0407096-2254-43EC-8410-55C30A52ED3C}"
EndProject
Global
	GlobalSection(SolutionConfigurationPlatforms) = preSolution
		Debug|Any CPU = Debug|Any CPU
		Release|Any CPU = Release|Any CPU
	EndGlobalSection
	GlobalSection(ProjectConfigurationPlatforms) = postSolution
		{A0407096-2254-43EC-8410-55C30A52ED3C}.Debug|Any CPU.ActiveCfg = Debug|Any CPU
		{A0407096-2254-43EC-8410-55C30A52ED3C}.Debug|Any CPU.Build.0 = Debug|Any CPU
		{A0407096-2254-43EC-8410-55C30A52ED3C}.Release|Any CPU.ActiveCfg = Release|Any CPU
		{A0407096-2254-43EC-8410-55C30A52ED3C}.Release|Any CPU.Build.0 = Release|Any CPU
	EndGlobalSection
	GlobalSection(SolutionProperties) = preSolution
		HideSolutionNode = FALSE
	EndGlobalSection
EndGlobal
