
Microsoft Visual Studio Solution File, Format Version 12.00
# Visual Studio Version 16
VisualStudioVersion = 16.0.29230.47
MinimumVisualStudioVersion = 10.0.40219.1
Project("{FAE04EC0-301F-11D3-BF4B-00C04F79EFBC}") = "CS실습(윈도우폼)2", "CS실습(윈도우폼)2\CS실습(윈도우폼)2.csproj", "{848BCE35-BA11-4BB5-B50B-9033CA7CA564}"
EndProject
Global
	GlobalSection(SolutionConfigurationPlatforms) = preSolution
		Debug|Any CPU = Debug|Any CPU
		Release|Any CPU = Release|Any CPU
	EndGlobalSection
	GlobalSection(ProjectConfigurationPlatforms) = postSolution
		{848BCE35-BA11-4BB5-B50B-9033CA7CA564}.Debug|Any CPU.ActiveCfg = Debug|Any CPU
		{848BCE35-BA11-4BB5-B50B-9033CA7CA564}.Debug|Any CPU.Build.0 = Debug|Any CPU
		{848BCE35-BA11-4BB5-B50B-9033CA7CA564}.Release|Any CPU.ActiveCfg = Release|Any CPU
		{848BCE35-BA11-4BB5-B50B-9033CA7CA564}.Release|Any CPU.Build.0 = Release|Any CPU
	EndGlobalSection
	GlobalSection(SolutionProperties) = preSolution
		HideSolutionNode = FALSE
	EndGlobalSection
	GlobalSection(ExtensibilityGlobals) = postSolution
		SolutionGuid = {2C19032F-E57E-45CC-9D67-7DDC81FF06CF}
	EndGlobalSection
EndGlobal
