
Microsoft Visual Studio Solution File, Format Version 12.00
# Visual Studio 15
VisualStudioVersion = 15.0.26430.14
MinimumVisualStudioVersion = 10.0.40219.1
Project("{FAE04EC0-301F-11D3-BF4B-00C04F79EFBC}") = "10.31 CS 실습", "10.31 CS 실습\10.31 CS 실습.csproj", "{84CB704E-2553-4ACE-A538-6B5B493FB688}"
EndProject
Global
	GlobalSection(SolutionConfigurationPlatforms) = preSolution
		Debug|Any CPU = Debug|Any CPU
		Release|Any CPU = Release|Any CPU
	EndGlobalSection
	GlobalSection(ProjectConfigurationPlatforms) = postSolution
		{84CB704E-2553-4ACE-A538-6B5B493FB688}.Debug|Any CPU.ActiveCfg = Debug|Any CPU
		{84CB704E-2553-4ACE-A538-6B5B493FB688}.Debug|Any CPU.Build.0 = Debug|Any CPU
		{84CB704E-2553-4ACE-A538-6B5B493FB688}.Release|Any CPU.ActiveCfg = Release|Any CPU
		{84CB704E-2553-4ACE-A538-6B5B493FB688}.Release|Any CPU.Build.0 = Release|Any CPU
	EndGlobalSection
	GlobalSection(SolutionProperties) = preSolution
		HideSolutionNode = FALSE
	EndGlobalSection
EndGlobal
