
Microsoft Visual Studio Solution File, Format Version 12.00
# Visual Studio Version 16
VisualStudioVersion = 16.0.29230.47
MinimumVisualStudioVersion = 10.0.40219.1
Project("{FAE04EC0-301F-11D3-BF4B-00C04F79EFBC}") = "CS실습(윈도우폼)", "CS실습(윈도우폼)\CS실습(윈도우폼).csproj", "{7CF77F24-291D-4ABA-A098-C73225433739}"
EndProject
Global
	GlobalSection(SolutionConfigurationPlatforms) = preSolution
		Debug|Any CPU = Debug|Any CPU
		Release|Any CPU = Release|Any CPU
	EndGlobalSection
	GlobalSection(ProjectConfigurationPlatforms) = postSolution
		{7CF77F24-291D-4ABA-A098-C73225433739}.Debug|Any CPU.ActiveCfg = Debug|Any CPU
		{7CF77F24-291D-4ABA-A098-C73225433739}.Debug|Any CPU.Build.0 = Debug|Any CPU
		{7CF77F24-291D-4ABA-A098-C73225433739}.Release|Any CPU.ActiveCfg = Release|Any CPU
		{7CF77F24-291D-4ABA-A098-C73225433739}.Release|Any CPU.Build.0 = Release|Any CPU
	EndGlobalSection
	GlobalSection(SolutionProperties) = preSolution
		HideSolutionNode = FALSE
	EndGlobalSection
	GlobalSection(ExtensibilityGlobals) = postSolution
		SolutionGuid = {27E68FFB-E232-4C6F-B61D-B308B27355EE}
	EndGlobalSection
EndGlobal
