
Microsoft Visual Studio Solution File, Format Version 12.00
# Visual Studio 15
VisualStudioVersion = 15.0.26430.14
MinimumVisualStudioVersion = 10.0.40219.1
Project("{FAE04EC0-301F-11D3-BF4B-00C04F79EFBC}") = "10.22실습", "10.22실습\10.22실습.csproj", "{19E30CB8-220E-45F8-AFC0-44A6DC067F5D}"
EndProject
Global
	GlobalSection(SolutionConfigurationPlatforms) = preSolution
		Debug|Any CPU = Debug|Any CPU
		Release|Any CPU = Release|Any CPU
	EndGlobalSection
	GlobalSection(ProjectConfigurationPlatforms) = postSolution
		{19E30CB8-220E-45F8-AFC0-44A6DC067F5D}.Debug|Any CPU.ActiveCfg = Debug|Any CPU
		{19E30CB8-220E-45F8-AFC0-44A6DC067F5D}.Debug|Any CPU.Build.0 = Debug|Any CPU
		{19E30CB8-220E-45F8-AFC0-44A6DC067F5D}.Release|Any CPU.ActiveCfg = Release|Any CPU
		{19E30CB8-220E-45F8-AFC0-44A6DC067F5D}.Release|Any CPU.Build.0 = Release|Any CPU
	EndGlobalSection
	GlobalSection(SolutionProperties) = preSolution
		HideSolutionNode = FALSE
	EndGlobalSection
EndGlobal
